
Microsoft Visual Studio Solution File, Format Version 12.00
# Visual Studio Version 16
VisualStudioVersion = 16.0.29123.88
MinimumVisualStudioVersion = 10.0.40219.1
Project("{FAE04EC0-301F-11D3-BF4B-00C04F79EFBC}") = "HelloWorld.Android", "HelloWorld\HelloWorld.Android\HelloWorld.Android.csproj", "{4C328B7B-8A5A-4924-9224-A363DC3D0291}"
EndProject
Project("{FAE04EC0-301F-11D3-BF4B-00C04F79EFBC}") = "HelloWorld.iOS", "HelloWorld\HelloWorld.iOS\HelloWorld.iOS.csproj", "{B208E2F3-8BCC-4AA7-A48A-EFB8A5A9F6AF}"
EndProject
Project("{FAE04EC0-301F-11D3-BF4B-00C04F79EFBC}") = "HelloWorld", "HelloWorld\HelloWorld\HelloWorld.csproj", "{88F8AACE-912C-460E-9CE3-0FD016B9620D}"
EndProject
Global
	GlobalSection(SolutionConfigurationPlatforms) = preSolution
		Debug|Any CPU = Debug|Any CPU
		Debug|iPhone = Debug|iPhone
		Debug|iPhoneSimulator = Debug|iPhoneSimulator
		Release|Any CPU = Release|Any CPU
		Release|iPhone = Release|iPhone
		Release|iPhoneSimulator = Release|iPhoneSimulator
	EndGlobalSection
	GlobalSection(ProjectConfigurationPlatforms) = postSolution
		{4C328B7B-8A5A-4924-9224-A363DC3D0291}.Debug|Any CPU.ActiveCfg = Debug|Any CPU
		{4C328B7B-8A5A-4924-9224-A363DC3D0291}.Debug|Any CPU.Build.0 = Debug|Any CPU
		{4C328B7B-8A5A-4924-9224-A363DC3D0291}.Debug|Any CPU.Deploy.0 = Debug|Any CPU
		{4C328B7B-8A5A-4924-9224-A363DC3D0291}.Debug|iPhone.ActiveCfg = Debug|Any CPU
		{4C328B7B-8A5A-4924-9224-A363DC3D0291}.Debug|iPhone.Build.0 = Debug|Any CPU
		{4C328B7B-8A5A-4924-9224-A363DC3D0291}.Debug|iPhone.Deploy.0 = Debug|Any CPU
		{4C328B7B-8A5A-4924-9224-A363DC3D0291}.Debug|iPhoneSimulator.ActiveCfg = Debug|Any CPU
		{4C328B7B-8A5A-4924-9224-A363DC3D0291}.Debug|iPhoneSimulator.Build.0 = Debug|Any CPU
		{4C328B7B-8A5A-4924-9224-A363DC3D0291}.Debug|iPhoneSimulator.Deploy.0 = Debug|Any CPU
		{4C328B7B-8A5A-4924-9224-A363DC3D0291}.Release|Any CPU.ActiveCfg = Release|Any CPU
		{4C328B7B-8A5A-4924-9224-A363DC3D0291}.Release|Any CPU.Build.0 = Release|Any CPU
		{4C328B7B-8A5A-4924-9224-A363DC3D0291}.Release|Any CPU.Deploy.0 = Release|Any CPU
		{4C328B7B-8A5A-4924-9224-A363DC3D0291}.Release|iPhone.ActiveCfg = Release|Any CPU
		{4C328B7B-8A5A-4924-9224-A363DC3D0291}.Release|iPhone.Build.0 = Release|Any CPU
		{4C328B7B-8A5A-4924-9224-A363DC3D0291}.Release|iPhone.Deploy.0 = Release|Any CPU
		{4C328B7B-8A5A-4924-9224-A363DC3D0291}.Release|iPhoneSimulator.ActiveCfg = Release|Any CPU
		{4C328B7B-8A5A-4924-9224-A363DC3D0291}.Release|iPhoneSimulator.Build.0 = Release|Any CPU
		{4C328B7B-8A5A-4924-9224-A363DC3D0291}.Release|iPhoneSimulator.Deploy.0 = Release|Any CPU
		{B208E2F3-8BCC-4AA7-A48A-EFB8A5A9F6AF}.Debug|Any CPU.ActiveCfg = Debug|iPhoneSimulator
		{B208E2F3-8BCC-4AA7-A48A-EFB8A5A9F6AF}.Debug|Any CPU.Build.0 = Debug|iPhoneSimulator
		{B208E2F3-8BCC-4AA7-A48A-EFB8A5A9F6AF}.Debug|Any CPU.Deploy.0 = Debug|iPhoneSimulator
		{B208E2F3-8BCC-4AA7-A48A-EFB8A5A9F6AF}.Debug|iPhone.ActiveCfg = Debug|iPhone
		{B208E2F3-8BCC-4AA7-A48A-EFB8A5A9F6AF}.Debug|iPhone.Build.0 = Debug|iPhone
		{B208E2F3-8BCC-4AA7-A48A-EFB8A5A9F6AF}.Debug|iPhone.Deploy.0 = Debug|iPhone
		{B208E2F3-8BCC-4AA7-A48A-EFB8A5A9F6AF}.Debug|iPhoneSimulator.ActiveCfg = Debug|iPhoneSimulator
		{B208E2F3-8BCC-4AA7-A48A-EFB8A5A9F6AF}.Debug|iPhoneSimulator.Build.0 = Debug|iPhoneSimulator
		{B208E2F3-8BCC-4AA7-A48A-EFB8A5A9F6AF}.Debug|iPhoneSimulator.Deploy.0 = Debug|iPhoneSimulator
		{B208E2F3-8BCC-4AA7-A48A-EFB8A5A9F6AF}.Release|Any CPU.ActiveCfg = Release|iPhone
		{B208E2F3-8BCC-4AA7-A48A-EFB8A5A9F6AF}.Release|Any CPU.Build.0 = Release|iPhone
		{B208E2F3-8BCC-4AA7-A48A-EFB8A5A9F6AF}.Release|Any CPU.Deploy.0 = Release|iPhone
		{B208E2F3-8BCC-4AA7-A48A-EFB8A5A9F6AF}.Release|iPhone.ActiveCfg = Release|iPhone
		{B208E2F3-8BCC-4AA7-A48A-EFB8A5A9F6AF}.Release|iPhone.Build.0 = Release|iPhone
		{B208E2F3-8BCC-4AA7-A48A-EFB8A5A9F6AF}.Release|iPhone.Deploy.0 = Release|iPhone
		{B208E2F3-8BCC-4AA7-A48A-EFB8A5A9F6AF}.Release|iPhoneSimulator.ActiveCfg = Release|iPhoneSimulator
		{B208E2F3-8BCC-4AA7-A48A-EFB8A5A9F6AF}.Release|iPhoneSimulator.Build.0 = Release|iPhoneSimulator
		{B208E2F3-8BCC-4AA7-A48A-EFB8A5A9F6AF}.Release|iPhoneSimulator.Deploy.0 = Release|iPhoneSimulator
		{88F8AACE-912C-460E-9CE3-0FD016B9620D}.Debug|Any CPU.ActiveCfg = Debug|Any CPU
		{88F8AACE-912C-460E-9CE3-0FD016B9620D}.Debug|Any CPU.Build.0 = Debug|Any CPU
		{88F8AACE-912C-460E-9CE3-0FD016B9620D}.Debug|Any CPU.Deploy.0 = Debug|Any CPU
		{88F8AACE-912C-460E-9CE3-0FD016B9620D}.Debug|iPhone.ActiveCfg = Debug|Any CPU
		{88F8AACE-912C-460E-9CE3-0FD016B9620D}.Debug|iPhone.Build.0 = Debug|Any CPU
		{88F8AACE-912C-460E-9CE3-0FD016B9620D}.Debug|iPhone.Deploy.0 = Debug|Any CPU
		{88F8AACE-912C-460E-9CE3-0FD016B9620D}.Debug|iPhoneSimulator.ActiveCfg = Debug|Any CPU
		{88F8AACE-912C-460E-9CE3-0FD016B9620D}.Debug|iPhoneSimulator.Build.0 = Debug|Any CPU
		{88F8AACE-912C-460E-9CE3-0FD016B9620D}.Debug|iPhoneSimulator.Deploy.0 = Debug|Any CPU
		{88F8AACE-912C-460E-9CE3-0FD016B9620D}.Release|Any CPU.ActiveCfg = Release|Any CPU
		{88F8AACE-912C-460E-9CE3-0FD016B9620D}.Release|Any CPU.Build.0 = Release|Any CPU
		{88F8AACE-912C-460E-9CE3-0FD016B9620D}.Release|Any CPU.Deploy.0 = Release|Any CPU
		{88F8AACE-912C-460E-9CE3-0FD016B9620D}.Release|iPhone.ActiveCfg = Release|Any CPU
		{88F8AACE-912C-460E-9CE3-0FD016B9620D}.Release|iPhone.Build.0 = Release|Any CPU
		{88F8AACE-912C-460E-9CE3-0FD016B9620D}.Release|iPhone.Deploy.0 = Release|Any CPU
		{88F8AACE-912C-460E-9CE3-0FD016B9620D}.Release|iPhoneSimulator.ActiveCfg = Release|Any CPU
		{88F8AACE-912C-460E-9CE3-0FD016B9620D}.Release|iPhoneSimulator.Build.0 = Release|Any CPU
		{88F8AACE-912C-460E-9CE3-0FD016B9620D}.Release|iPhoneSimulator.Deploy.0 = Release|Any CPU
	EndGlobalSection
	GlobalSection(SolutionProperties) = preSolution
		HideSolutionNode = FALSE
	EndGlobalSection
	GlobalSection(ExtensibilityGlobals) = postSolution
		SolutionGuid = {E415BCD0-09CD-4096-B47A-0E48222C9F24}
	EndGlobalSection
EndGlobal
